
Microsoft Visual Studio Solution File, Format Version 12.00
# Visual Studio 15
VisualStudioVersion = 15.0.27703.2035
MinimumVisualStudioVersion = 10.0.40219.1
Project("{FAE04EC0-301F-11D3-BF4B-00C04F79EFBC}") = "BackSoundMe", "BackSoundMe\BackSoundMe.csproj", "{BB6DAFBC-4356-460C-AD3D-7F39A6F270DB}"
EndProject
Global
	GlobalSection(SolutionConfigurationPlatforms) = preSolution
		Debug|Any CPU = Debug|Any CPU
		Release|Any CPU = Release|Any CPU
	EndGlobalSection
	GlobalSection(ProjectConfigurationPlatforms) = postSolution
		{BB6DAFBC-4356-460C-AD3D-7F39A6F270DB}.Debug|Any CPU.ActiveCfg = Debug|Any CPU
		{BB6DAFBC-4356-460C-AD3D-7F39A6F270DB}.Debug|Any CPU.Build.0 = Debug|Any CPU
		{BB6DAFBC-4356-460C-AD3D-7F39A6F270DB}.Release|Any CPU.ActiveCfg = Release|Any CPU
		{BB6DAFBC-4356-460C-AD3D-7F39A6F270DB}.Release|Any CPU.Build.0 = Release|Any CPU
	EndGlobalSection
	GlobalSection(SolutionProperties) = preSolution
		HideSolutionNode = FALSE
	EndGlobalSection
	GlobalSection(ExtensibilityGlobals) = postSolution
		SolutionGuid = {FE48379C-7875-4FE7-B513-A5316301F85F}
	EndGlobalSection
EndGlobal
